
Microsoft Visual Studio Solution File, Format Version 12.00
# Visual Studio Version 17
VisualStudioVersion = 17.0.31903.59
MinimumVisualStudioVersion = 10.0.40219.1
Project("{2150E333-8FDC-42A3-9474-1A3956D46DE8}") = "code", "code", "{314C6247-30EA-3492-19B6-DF847E3B326F}"
EndProject
Project("{FAE04EC0-301F-11D3-BF4B-00C04F79EFBC}") = "Model", "code\Model\Model.csproj", "{EB5CED57-66AB-4FF7-BA6A-B4EE75A7D60D}"
EndProject
Project("{FAE04EC0-301F-11D3-BF4B-00C04F79EFBC}") = "Test", "code\Test\Test.csproj", "{60A8CE4F-DB5D-4DC3-8197-3A21089D7161}"
EndProject
Project("{00D1A9C2-B5F0-4AF3-8072-F6C62B433612}") = "Database", "code\Database\Database.sqlproj", "{44F377EB-02C8-4845-868E-6223320B2226}"
EndProject
Global
	GlobalSection(SolutionConfigurationPlatforms) = preSolution
		Debug|Any CPU = Debug|Any CPU
		Debug|x64 = Debug|x64
		Debug|x86 = Debug|x86
		Release|Any CPU = Release|Any CPU
		Release|x64 = Release|x64
		Release|x86 = Release|x86
	EndGlobalSection
	GlobalSection(ProjectConfigurationPlatforms) = postSolution
		{EB5CED57-66AB-4FF7-BA6A-B4EE75A7D60D}.Debug|Any CPU.ActiveCfg = Debug|Any CPU
		{EB5CED57-66AB-4FF7-BA6A-B4EE75A7D60D}.Debug|Any CPU.Build.0 = Debug|Any CPU
		{EB5CED57-66AB-4FF7-BA6A-B4EE75A7D60D}.Debug|x64.ActiveCfg = Debug|Any CPU
		{EB5CED57-66AB-4FF7-BA6A-B4EE75A7D60D}.Debug|x64.Build.0 = Debug|Any CPU
		{EB5CED57-66AB-4FF7-BA6A-B4EE75A7D60D}.Debug|x86.ActiveCfg = Debug|Any CPU
		{EB5CED57-66AB-4FF7-BA6A-B4EE75A7D60D}.Debug|x86.Build.0 = Debug|Any CPU
		{EB5CED57-66AB-4FF7-BA6A-B4EE75A7D60D}.Release|Any CPU.ActiveCfg = Release|Any CPU
		{EB5CED57-66AB-4FF7-BA6A-B4EE75A7D60D}.Release|Any CPU.Build.0 = Release|Any CPU
		{EB5CED57-66AB-4FF7-BA6A-B4EE75A7D60D}.Release|x64.ActiveCfg = Release|Any CPU
		{EB5CED57-66AB-4FF7-BA6A-B4EE75A7D60D}.Release|x64.Build.0 = Release|Any CPU
		{EB5CED57-66AB-4FF7-BA6A-B4EE75A7D60D}.Release|x86.ActiveCfg = Release|Any CPU
		{EB5CED57-66AB-4FF7-BA6A-B4EE75A7D60D}.Release|x86.Build.0 = Release|Any CPU
		{60A8CE4F-DB5D-4DC3-8197-3A21089D7161}.Debug|Any CPU.ActiveCfg = Debug|Any CPU
		{60A8CE4F-DB5D-4DC3-8197-3A21089D7161}.Debug|Any CPU.Build.0 = Debug|Any CPU
		{60A8CE4F-DB5D-4DC3-8197-3A21089D7161}.Debug|x64.ActiveCfg = Debug|Any CPU
		{60A8CE4F-DB5D-4DC3-8197-3A21089D7161}.Debug|x64.Build.0 = Debug|Any CPU
		{60A8CE4F-DB5D-4DC3-8197-3A21089D7161}.Debug|x86.ActiveCfg = Debug|Any CPU
		{60A8CE4F-DB5D-4DC3-8197-3A21089D7161}.Debug|x86.Build.0 = Debug|Any CPU
		{60A8CE4F-DB5D-4DC3-8197-3A21089D7161}.Release|Any CPU.ActiveCfg = Release|Any CPU
		{60A8CE4F-DB5D-4DC3-8197-3A21089D7161}.Release|Any CPU.Build.0 = Release|Any CPU
		{60A8CE4F-DB5D-4DC3-8197-3A21089D7161}.Release|x64.ActiveCfg = Release|Any CPU
		{60A8CE4F-DB5D-4DC3-8197-3A21089D7161}.Release|x64.Build.0 = Release|Any CPU
		{60A8CE4F-DB5D-4DC3-8197-3A21089D7161}.Release|x86.ActiveCfg = Release|Any CPU
		{60A8CE4F-DB5D-4DC3-8197-3A21089D7161}.Release|x86.Build.0 = Release|Any CPU
		{44F377EB-02C8-4845-868E-6223320B2226}.Debug|Any CPU.ActiveCfg = Debug|Any CPU
		{44F377EB-02C8-4845-868E-6223320B2226}.Debug|x64.ActiveCfg = Debug|Any CPU
		{44F377EB-02C8-4845-868E-6223320B2226}.Debug|x86.ActiveCfg = Debug|Any CPU
		{44F377EB-02C8-4845-868E-6223320B2226}.Release|Any CPU.ActiveCfg = Release|Any CPU
		{44F377EB-02C8-4845-868E-6223320B2226}.Release|x64.ActiveCfg = Release|Any CPU
		{44F377EB-02C8-4845-868E-6223320B2226}.Release|x86.ActiveCfg = Release|Any CPU
	EndGlobalSection
	GlobalSection(SolutionProperties) = preSolution
		HideSolutionNode = FALSE
	EndGlobalSection
	GlobalSection(NestedProjects) = preSolution
		{EB5CED57-66AB-4FF7-BA6A-B4EE75A7D60D} = {314C6247-30EA-3492-19B6-DF847E3B326F}
		{60A8CE4F-DB5D-4DC3-8197-3A21089D7161} = {314C6247-30EA-3492-19B6-DF847E3B326F}
		{44F377EB-02C8-4845-868E-6223320B2226} = {314C6247-30EA-3492-19B6-DF847E3B326F}
	EndGlobalSection
EndGlobal
